
Microsoft Visual Studio Solution File, Format Version 12.00
# Visual Studio Version 16
VisualStudioVersion = 16.0.30225.117
MinimumVisualStudioVersion = 10.0.40219.1
Project("{9A19103F-16F7-4668-BE54-9A1E7A4F7556}") = "BattleControl.WebAPI", "src\BattleControl.WebAPI\BattleControl.WebAPI.csproj", "{A8D5BB21-60E5-4B69-A231-4C7FB4AFD486}"
EndProject
Project("{9A19103F-16F7-4668-BE54-9A1E7A4F7556}") = "BattleControl.Core", "src\BattleControl.Core\BattleControl.Core.csproj", "{60596EB3-5880-4291-807D-10936713F41B}"
EndProject
Project("{9A19103F-16F7-4668-BE54-9A1E7A4F7556}") = "BattleControl.Client", "src\BattleControl.Client\BattleControl.Client.csproj", "{92686926-8941-4661-89BE-EDB84A69C503}"
EndProject
Project("{9A19103F-16F7-4668-BE54-9A1E7A4F7556}") = "BattleControl.Tests", "tests\BattleControl.Tests\BattleControl.Tests.csproj", "{75406642-FDF9-4B6C-AB4C-49709F48B39D}"
EndProject
Global
	GlobalSection(SolutionConfigurationPlatforms) = preSolution
		Debug|Any CPU = Debug|Any CPU
		Release|Any CPU = Release|Any CPU
	EndGlobalSection
	GlobalSection(ProjectConfigurationPlatforms) = postSolution
		{A8D5BB21-60E5-4B69-A231-4C7FB4AFD486}.Debug|Any CPU.ActiveCfg = Debug|Any CPU
		{A8D5BB21-60E5-4B69-A231-4C7FB4AFD486}.Debug|Any CPU.Build.0 = Debug|Any CPU
		{A8D5BB21-60E5-4B69-A231-4C7FB4AFD486}.Release|Any CPU.ActiveCfg = Release|Any CPU
		{A8D5BB21-60E5-4B69-A231-4C7FB4AFD486}.Release|Any CPU.Build.0 = Release|Any CPU
		{60596EB3-5880-4291-807D-10936713F41B}.Debug|Any CPU.ActiveCfg = Debug|Any CPU
		{60596EB3-5880-4291-807D-10936713F41B}.Debug|Any CPU.Build.0 = Debug|Any CPU
		{60596EB3-5880-4291-807D-10936713F41B}.Release|Any CPU.ActiveCfg = Release|Any CPU
		{60596EB3-5880-4291-807D-10936713F41B}.Release|Any CPU.Build.0 = Release|Any CPU
		{92686926-8941-4661-89BE-EDB84A69C503}.Debug|Any CPU.ActiveCfg = Debug|Any CPU
		{92686926-8941-4661-89BE-EDB84A69C503}.Debug|Any CPU.Build.0 = Debug|Any CPU
		{92686926-8941-4661-89BE-EDB84A69C503}.Release|Any CPU.ActiveCfg = Release|Any CPU
		{92686926-8941-4661-89BE-EDB84A69C503}.Release|Any CPU.Build.0 = Release|Any CPU
		{75406642-FDF9-4B6C-AB4C-49709F48B39D}.Debug|Any CPU.ActiveCfg = Debug|Any CPU
		{75406642-FDF9-4B6C-AB4C-49709F48B39D}.Debug|Any CPU.Build.0 = Debug|Any CPU
		{75406642-FDF9-4B6C-AB4C-49709F48B39D}.Release|Any CPU.ActiveCfg = Release|Any CPU
		{75406642-FDF9-4B6C-AB4C-49709F48B39D}.Release|Any CPU.Build.0 = Release|Any CPU
	EndGlobalSection
	GlobalSection(SolutionProperties) = preSolution
		HideSolutionNode = FALSE
	EndGlobalSection
	GlobalSection(ExtensibilityGlobals) = postSolution
		SolutionGuid = {710B17E1-0D4D-4287-8032-BC5DC6F2F190}
	EndGlobalSection
EndGlobal
